
Microsoft Visual Studio Solution File, Format Version 12.00
# Visual Studio Version 16
VisualStudioVersion = 16.0.28803.202
MinimumVisualStudioVersion = 10.0.40219.1
Project("{FAE04EC0-301F-11D3-BF4B-00C04F79EFBC}") = "TrailTrackerMVC", "TrailTrackerMVC\TrailTrackerMVC.csproj", "{325B8530-DD58-42BB-92D0-409093CB7BB4}"
EndProject
Project("{FAE04EC0-301F-11D3-BF4B-00C04F79EFBC}") = "TrailTracker.Data", "TrailTracker.Data\TrailTracker.Data.csproj", "{53BE812F-CDEE-4DF8-8647-C112160C18D1}"
EndProject
Project("{FAE04EC0-301F-11D3-BF4B-00C04F79EFBC}") = "TrailTracker.Contracts", "TrailTracker.Contracts\TrailTracker.Contracts.csproj", "{68CA963E-0172-442B-978B-E15C8A114D78}"
EndProject
Project("{FAE04EC0-301F-11D3-BF4B-00C04F79EFBC}") = "TrailTracker.Services", "TrailTracker.Services\TrailTracker.Services.csproj", "{AFBE6229-1707-40EA-B85A-89D25F897814}"
EndProject
Project("{FAE04EC0-301F-11D3-BF4B-00C04F79EFBC}") = "TrailTracker.Models", "TrailTracker.Models\TrailTracker.Models.csproj", "{435B1BF2-1503-4DB8-AAA0-EB65C3C92DBC}"
EndProject
Project("{FAE04EC0-301F-11D3-BF4B-00C04F79EFBC}") = "TrailTrackerAPI", "TrailTrackerApi\TrailTrackerAPI.csproj", "{425A5AEE-DF9B-4B89-8DCB-43598271B6EB}"
EndProject
Global
	GlobalSection(SolutionConfigurationPlatforms) = preSolution
		Debug|Any CPU = Debug|Any CPU
		Release|Any CPU = Release|Any CPU
	EndGlobalSection
	GlobalSection(ProjectConfigurationPlatforms) = postSolution
		{325B8530-DD58-42BB-92D0-409093CB7BB4}.Debug|Any CPU.ActiveCfg = Debug|Any CPU
		{325B8530-DD58-42BB-92D0-409093CB7BB4}.Debug|Any CPU.Build.0 = Debug|Any CPU
		{325B8530-DD58-42BB-92D0-409093CB7BB4}.Release|Any CPU.ActiveCfg = Release|Any CPU
		{325B8530-DD58-42BB-92D0-409093CB7BB4}.Release|Any CPU.Build.0 = Release|Any CPU
		{53BE812F-CDEE-4DF8-8647-C112160C18D1}.Debug|Any CPU.ActiveCfg = Debug|Any CPU
		{53BE812F-CDEE-4DF8-8647-C112160C18D1}.Debug|Any CPU.Build.0 = Debug|Any CPU
		{53BE812F-CDEE-4DF8-8647-C112160C18D1}.Release|Any CPU.ActiveCfg = Release|Any CPU
		{53BE812F-CDEE-4DF8-8647-C112160C18D1}.Release|Any CPU.Build.0 = Release|Any CPU
		{68CA963E-0172-442B-978B-E15C8A114D78}.Debug|Any CPU.ActiveCfg = Debug|Any CPU
		{68CA963E-0172-442B-978B-E15C8A114D78}.Debug|Any CPU.Build.0 = Debug|Any CPU
		{68CA963E-0172-442B-978B-E15C8A114D78}.Release|Any CPU.ActiveCfg = Release|Any CPU
		{68CA963E-0172-442B-978B-E15C8A114D78}.Release|Any CPU.Build.0 = Release|Any CPU
		{AFBE6229-1707-40EA-B85A-89D25F897814}.Debug|Any CPU.ActiveCfg = Debug|Any CPU
		{AFBE6229-1707-40EA-B85A-89D25F897814}.Debug|Any CPU.Build.0 = Debug|Any CPU
		{AFBE6229-1707-40EA-B85A-89D25F897814}.Release|Any CPU.ActiveCfg = Release|Any CPU
		{AFBE6229-1707-40EA-B85A-89D25F897814}.Release|Any CPU.Build.0 = Release|Any CPU
		{435B1BF2-1503-4DB8-AAA0-EB65C3C92DBC}.Debug|Any CPU.ActiveCfg = Debug|Any CPU
		{435B1BF2-1503-4DB8-AAA0-EB65C3C92DBC}.Debug|Any CPU.Build.0 = Debug|Any CPU
		{435B1BF2-1503-4DB8-AAA0-EB65C3C92DBC}.Release|Any CPU.ActiveCfg = Release|Any CPU
		{435B1BF2-1503-4DB8-AAA0-EB65C3C92DBC}.Release|Any CPU.Build.0 = Release|Any CPU
		{425A5AEE-DF9B-4B89-8DCB-43598271B6EB}.Debug|Any CPU.ActiveCfg = Debug|Any CPU
		{425A5AEE-DF9B-4B89-8DCB-43598271B6EB}.Debug|Any CPU.Build.0 = Debug|Any CPU
		{425A5AEE-DF9B-4B89-8DCB-43598271B6EB}.Release|Any CPU.ActiveCfg = Release|Any CPU
		{425A5AEE-DF9B-4B89-8DCB-43598271B6EB}.Release|Any CPU.Build.0 = Release|Any CPU
	EndGlobalSection
	GlobalSection(SolutionProperties) = preSolution
		HideSolutionNode = FALSE
	EndGlobalSection
	GlobalSection(ExtensibilityGlobals) = postSolution
		SolutionGuid = {82076309-260A-46E6-8A39-8333CD784133}
	EndGlobalSection
EndGlobal
